
Microsoft Visual Studio Solution File, Format Version 12.00
# Visual Studio Version 17
VisualStudioVersion = 17.10.34916.146
MinimumVisualStudioVersion = 10.0.40219.1
Project("{2150E333-8FDC-42A3-9474-1A3956D46DE8}") = "Microservices", "Microservices", "{6DEDE275-D232-4ADB-BBDC-CDB4A3C1F9B6}"
EndProject
Project("{2150E333-8FDC-42A3-9474-1A3956D46DE8}") = "UserManagement", "UserManagement", "{1FEA412D-275D-4379-9FCA-F231CB2D3748}"
EndProject
Project("{2150E333-8FDC-42A3-9474-1A3956D46DE8}") = "API", "API", "{3202F1DD-B4AF-49B8-96F6-358386962FA4}"
EndProject
Project("{9A19103F-16F7-4668-BE54-9A1E7A4F7556}") = "MEDApp.UserManagement.Api", "MEDApp.UserManagement.Api\MEDApp.UserManagement.Api.csproj", "{9F688605-2BDF-4B6F-A1C4-40C17F055C0E}"
EndProject
Project("{00D1A9C2-B5F0-4AF3-8072-F6C62B433612}") = "UserManagementDB", "MedAppDB\UserManagementDB.sqlproj", "{71F878D0-C042-4D1E-B355-27CECB65EA43}"
EndProject
Project("{2150E333-8FDC-42A3-9474-1A3956D46DE8}") = "Consumer", "Consumer", "{84C53A8B-0439-42AC-A3C8-50222A94C490}"
EndProject
Project("{9A19103F-16F7-4668-BE54-9A1E7A4F7556}") = "UserManagementConsumer", "UserManagementConsumer\UserManagementConsumer.csproj", "{53C4E5F7-F35A-459C-8DDA-EEDD4C5F96EB}"
EndProject
Project("{2150E333-8FDC-42A3-9474-1A3956D46DE8}") = "Appointments", "Appointments", "{4A2B3E12-7545-4590-B036-50426F7DC7AB}"
EndProject
Project("{00D1A9C2-B5F0-4AF3-8072-F6C62B433612}") = "AppointmentsDB", "AppointmentsDB\AppointmentsDB.sqlproj", "{EEBA6389-C274-4219-9401-04D0B6333130}"
EndProject
Project("{2150E333-8FDC-42A3-9474-1A3956D46DE8}") = "Consumer", "Consumer", "{83A65F43-42A2-4C27-9F74-0F2A4B7B8EA3}"
EndProject
Project("{9A19103F-16F7-4668-BE54-9A1E7A4F7556}") = "AppointmentsConsumer", "AppointmentsConsumer\AppointmentsConsumer.csproj", "{352DF892-283E-45BA-A286-CB0C3663F72F}"
EndProject
Project("{2150E333-8FDC-42A3-9474-1A3956D46DE8}") = "API", "API", "{11EC1BBD-5B7C-4649-BB6F-D9BEBA402269}"
EndProject
Project("{9A19103F-16F7-4668-BE54-9A1E7A4F7556}") = "MEDApp.Appointments.Api", "MEDApp.Appointments.Api\MEDApp.Appointments.Api.csproj", "{5D969229-A62E-4BE7-BA55-C2F50CA54E0B}"
EndProject
Project("{2150E333-8FDC-42A3-9474-1A3956D46DE8}") = "APIGateway", "APIGateway", "{FB2AD6E2-2472-4AEC-AAE2-D012D11CCAB8}"
EndProject
Project("{9A19103F-16F7-4668-BE54-9A1E7A4F7556}") = "MEDApp.ApiGateway", "ApiGateway\MEDApp.ApiGateway.csproj", "{E55B71C7-16C6-4FD7-882A-3DB4597E5D45}"
EndProject
Project("{E53339B2-1760-4266-BCC7-CA923CBCF16C}") = "docker-compose", "docker-compose.dcproj", "{62BC5BE8-50F2-4D1F-8E6E-DEF91BBD21D2}"
EndProject
Project("{9A19103F-16F7-4668-BE54-9A1E7A4F7556}") = "MedAppJwtAuthenticationManager", "MedAppJwtAuthenticationManager\MedAppJwtAuthenticationManager.csproj", "{4F237E10-E472-43A4-BFE8-48149D219154}"
EndProject
Project("{9A19103F-16F7-4668-BE54-9A1E7A4F7556}") = "MedAppAuthenticationWebApi", "MedAppAuthenticationWebApi\MedAppAuthenticationWebApi.csproj", "{455386D5-0030-4684-AC1C-768922690611}"
EndProject
Project("{2150E333-8FDC-42A3-9474-1A3956D46DE8}") = "PatientManagement", "PatientManagement", "{875F8214-9FEF-42CC-878E-92E5B7D3F6BB}"
EndProject
Project("{2150E333-8FDC-42A3-9474-1A3956D46DE8}") = "API", "API", "{92782F7B-1619-4D90-94DA-0996B10EB70E}"
EndProject
Project("{2150E333-8FDC-42A3-9474-1A3956D46DE8}") = "Consumer", "Consumer", "{CA0CBA0D-8ADC-44D4-B005-E96092A14975}"
EndProject
Project("{9A19103F-16F7-4668-BE54-9A1E7A4F7556}") = "PatientManagementConsumer", "PatientManagementConsumer\PatientManagementConsumer.csproj", "{763CCF2A-1ED9-474E-A76B-065A514A2A3E}"
EndProject
Project("{9A19103F-16F7-4668-BE54-9A1E7A4F7556}") = "MEDApp.PatientManagement.Api", "MEDApp.PatientManagement.Api\MEDApp.PatientManagement.Api.csproj", "{EB49F5C5-0B80-42B3-A6EE-65742A8424F5}"
EndProject
Project("{2150E333-8FDC-42A3-9474-1A3956D46DE8}") = "FrontEnd", "FrontEnd", "{A15943E8-21BC-4070-80F2-03564CD6B7B8}"
EndProject
Global
	GlobalSection(SolutionConfigurationPlatforms) = preSolution
		Debug|Any CPU = Debug|Any CPU
		Release|Any CPU = Release|Any CPU
	EndGlobalSection
	GlobalSection(ProjectConfigurationPlatforms) = postSolution
		{9F688605-2BDF-4B6F-A1C4-40C17F055C0E}.Debug|Any CPU.ActiveCfg = Debug|Any CPU
		{9F688605-2BDF-4B6F-A1C4-40C17F055C0E}.Debug|Any CPU.Build.0 = Debug|Any CPU
		{9F688605-2BDF-4B6F-A1C4-40C17F055C0E}.Release|Any CPU.ActiveCfg = Release|Any CPU
		{9F688605-2BDF-4B6F-A1C4-40C17F055C0E}.Release|Any CPU.Build.0 = Release|Any CPU
		{71F878D0-C042-4D1E-B355-27CECB65EA43}.Debug|Any CPU.ActiveCfg = Debug|Any CPU
		{71F878D0-C042-4D1E-B355-27CECB65EA43}.Debug|Any CPU.Build.0 = Debug|Any CPU
		{71F878D0-C042-4D1E-B355-27CECB65EA43}.Debug|Any CPU.Deploy.0 = Debug|Any CPU
		{71F878D0-C042-4D1E-B355-27CECB65EA43}.Release|Any CPU.ActiveCfg = Release|Any CPU
		{71F878D0-C042-4D1E-B355-27CECB65EA43}.Release|Any CPU.Build.0 = Release|Any CPU
		{71F878D0-C042-4D1E-B355-27CECB65EA43}.Release|Any CPU.Deploy.0 = Release|Any CPU
		{53C4E5F7-F35A-459C-8DDA-EEDD4C5F96EB}.Debug|Any CPU.ActiveCfg = Debug|Any CPU
		{53C4E5F7-F35A-459C-8DDA-EEDD4C5F96EB}.Debug|Any CPU.Build.0 = Debug|Any CPU
		{53C4E5F7-F35A-459C-8DDA-EEDD4C5F96EB}.Release|Any CPU.ActiveCfg = Release|Any CPU
		{53C4E5F7-F35A-459C-8DDA-EEDD4C5F96EB}.Release|Any CPU.Build.0 = Release|Any CPU
		{EEBA6389-C274-4219-9401-04D0B6333130}.Debug|Any CPU.ActiveCfg = Debug|Any CPU
		{EEBA6389-C274-4219-9401-04D0B6333130}.Debug|Any CPU.Build.0 = Debug|Any CPU
		{EEBA6389-C274-4219-9401-04D0B6333130}.Debug|Any CPU.Deploy.0 = Debug|Any CPU
		{EEBA6389-C274-4219-9401-04D0B6333130}.Release|Any CPU.ActiveCfg = Release|Any CPU
		{EEBA6389-C274-4219-9401-04D0B6333130}.Release|Any CPU.Build.0 = Release|Any CPU
		{EEBA6389-C274-4219-9401-04D0B6333130}.Release|Any CPU.Deploy.0 = Release|Any CPU
		{352DF892-283E-45BA-A286-CB0C3663F72F}.Debug|Any CPU.ActiveCfg = Debug|Any CPU
		{352DF892-283E-45BA-A286-CB0C3663F72F}.Debug|Any CPU.Build.0 = Debug|Any CPU
		{352DF892-283E-45BA-A286-CB0C3663F72F}.Release|Any CPU.ActiveCfg = Release|Any CPU
		{352DF892-283E-45BA-A286-CB0C3663F72F}.Release|Any CPU.Build.0 = Release|Any CPU
		{5D969229-A62E-4BE7-BA55-C2F50CA54E0B}.Debug|Any CPU.ActiveCfg = Debug|Any CPU
		{5D969229-A62E-4BE7-BA55-C2F50CA54E0B}.Debug|Any CPU.Build.0 = Debug|Any CPU
		{5D969229-A62E-4BE7-BA55-C2F50CA54E0B}.Release|Any CPU.ActiveCfg = Release|Any CPU
		{5D969229-A62E-4BE7-BA55-C2F50CA54E0B}.Release|Any CPU.Build.0 = Release|Any CPU
		{E55B71C7-16C6-4FD7-882A-3DB4597E5D45}.Debug|Any CPU.ActiveCfg = Debug|Any CPU
		{E55B71C7-16C6-4FD7-882A-3DB4597E5D45}.Debug|Any CPU.Build.0 = Debug|Any CPU
		{E55B71C7-16C6-4FD7-882A-3DB4597E5D45}.Release|Any CPU.ActiveCfg = Release|Any CPU
		{E55B71C7-16C6-4FD7-882A-3DB4597E5D45}.Release|Any CPU.Build.0 = Release|Any CPU
		{62BC5BE8-50F2-4D1F-8E6E-DEF91BBD21D2}.Debug|Any CPU.ActiveCfg = Debug|Any CPU
		{62BC5BE8-50F2-4D1F-8E6E-DEF91BBD21D2}.Debug|Any CPU.Build.0 = Debug|Any CPU
		{62BC5BE8-50F2-4D1F-8E6E-DEF91BBD21D2}.Release|Any CPU.ActiveCfg = Release|Any CPU
		{62BC5BE8-50F2-4D1F-8E6E-DEF91BBD21D2}.Release|Any CPU.Build.0 = Release|Any CPU
		{4F237E10-E472-43A4-BFE8-48149D219154}.Debug|Any CPU.ActiveCfg = Debug|Any CPU
		{4F237E10-E472-43A4-BFE8-48149D219154}.Debug|Any CPU.Build.0 = Debug|Any CPU
		{4F237E10-E472-43A4-BFE8-48149D219154}.Release|Any CPU.ActiveCfg = Release|Any CPU
		{4F237E10-E472-43A4-BFE8-48149D219154}.Release|Any CPU.Build.0 = Release|Any CPU
		{455386D5-0030-4684-AC1C-768922690611}.Debug|Any CPU.ActiveCfg = Debug|Any CPU
		{455386D5-0030-4684-AC1C-768922690611}.Debug|Any CPU.Build.0 = Debug|Any CPU
		{455386D5-0030-4684-AC1C-768922690611}.Release|Any CPU.ActiveCfg = Release|Any CPU
		{455386D5-0030-4684-AC1C-768922690611}.Release|Any CPU.Build.0 = Release|Any CPU
		{763CCF2A-1ED9-474E-A76B-065A514A2A3E}.Debug|Any CPU.ActiveCfg = Debug|Any CPU
		{763CCF2A-1ED9-474E-A76B-065A514A2A3E}.Debug|Any CPU.Build.0 = Debug|Any CPU
		{763CCF2A-1ED9-474E-A76B-065A514A2A3E}.Release|Any CPU.ActiveCfg = Release|Any CPU
		{763CCF2A-1ED9-474E-A76B-065A514A2A3E}.Release|Any CPU.Build.0 = Release|Any CPU
		{EB49F5C5-0B80-42B3-A6EE-65742A8424F5}.Debug|Any CPU.ActiveCfg = Debug|Any CPU
		{EB49F5C5-0B80-42B3-A6EE-65742A8424F5}.Debug|Any CPU.Build.0 = Debug|Any CPU
		{EB49F5C5-0B80-42B3-A6EE-65742A8424F5}.Release|Any CPU.ActiveCfg = Release|Any CPU
		{EB49F5C5-0B80-42B3-A6EE-65742A8424F5}.Release|Any CPU.Build.0 = Release|Any CPU
	EndGlobalSection
	GlobalSection(SolutionProperties) = preSolution
		HideSolutionNode = FALSE
	EndGlobalSection
	GlobalSection(NestedProjects) = preSolution
		{1FEA412D-275D-4379-9FCA-F231CB2D3748} = {6DEDE275-D232-4ADB-BBDC-CDB4A3C1F9B6}
		{3202F1DD-B4AF-49B8-96F6-358386962FA4} = {1FEA412D-275D-4379-9FCA-F231CB2D3748}
		{9F688605-2BDF-4B6F-A1C4-40C17F055C0E} = {3202F1DD-B4AF-49B8-96F6-358386962FA4}
		{71F878D0-C042-4D1E-B355-27CECB65EA43} = {1FEA412D-275D-4379-9FCA-F231CB2D3748}
		{84C53A8B-0439-42AC-A3C8-50222A94C490} = {1FEA412D-275D-4379-9FCA-F231CB2D3748}
		{53C4E5F7-F35A-459C-8DDA-EEDD4C5F96EB} = {84C53A8B-0439-42AC-A3C8-50222A94C490}
		{4A2B3E12-7545-4590-B036-50426F7DC7AB} = {6DEDE275-D232-4ADB-BBDC-CDB4A3C1F9B6}
		{EEBA6389-C274-4219-9401-04D0B6333130} = {4A2B3E12-7545-4590-B036-50426F7DC7AB}
		{83A65F43-42A2-4C27-9F74-0F2A4B7B8EA3} = {4A2B3E12-7545-4590-B036-50426F7DC7AB}
		{352DF892-283E-45BA-A286-CB0C3663F72F} = {83A65F43-42A2-4C27-9F74-0F2A4B7B8EA3}
		{11EC1BBD-5B7C-4649-BB6F-D9BEBA402269} = {4A2B3E12-7545-4590-B036-50426F7DC7AB}
		{5D969229-A62E-4BE7-BA55-C2F50CA54E0B} = {11EC1BBD-5B7C-4649-BB6F-D9BEBA402269}
		{E55B71C7-16C6-4FD7-882A-3DB4597E5D45} = {FB2AD6E2-2472-4AEC-AAE2-D012D11CCAB8}
		{4F237E10-E472-43A4-BFE8-48149D219154} = {FB2AD6E2-2472-4AEC-AAE2-D012D11CCAB8}
		{455386D5-0030-4684-AC1C-768922690611} = {FB2AD6E2-2472-4AEC-AAE2-D012D11CCAB8}
		{875F8214-9FEF-42CC-878E-92E5B7D3F6BB} = {6DEDE275-D232-4ADB-BBDC-CDB4A3C1F9B6}
		{92782F7B-1619-4D90-94DA-0996B10EB70E} = {875F8214-9FEF-42CC-878E-92E5B7D3F6BB}
		{CA0CBA0D-8ADC-44D4-B005-E96092A14975} = {875F8214-9FEF-42CC-878E-92E5B7D3F6BB}
		{763CCF2A-1ED9-474E-A76B-065A514A2A3E} = {CA0CBA0D-8ADC-44D4-B005-E96092A14975}
		{EB49F5C5-0B80-42B3-A6EE-65742A8424F5} = {92782F7B-1619-4D90-94DA-0996B10EB70E}
	EndGlobalSection
	GlobalSection(ExtensibilityGlobals) = postSolution
		SolutionGuid = {BEC51297-8EE6-4555-8D0B-CBBFC6554FFD}
	EndGlobalSection
EndGlobal
